
Microsoft Visual Studio Solution File, Format Version 12.00
# Visual Studio Version 17
VisualStudioVersion = 17.5.33424.131
MinimumVisualStudioVersion = 10.0.40219.1
Project("{FAE04EC0-301F-11D3-BF4B-00C04F79EFBC}") = "day5project", "day5project\day5project.csproj", "{8FB95296-24BA-4AED-8006-EF6316BA26A7}"
EndProject
Global
	GlobalSection(SolutionConfigurationPlatforms) = preSolution
		Debug|Any CPU = Debug|Any CPU
		Release|Any CPU = Release|Any CPU
	EndGlobalSection
	GlobalSection(ProjectConfigurationPlatforms) = postSolution
		{8FB95296-24BA-4AED-8006-EF6316BA26A7}.Debug|Any CPU.ActiveCfg = Debug|Any CPU
		{8FB95296-24BA-4AED-8006-EF6316BA26A7}.Debug|Any CPU.Build.0 = Debug|Any CPU
		{8FB95296-24BA-4AED-8006-EF6316BA26A7}.Release|Any CPU.ActiveCfg = Release|Any CPU
		{8FB95296-24BA-4AED-8006-EF6316BA26A7}.Release|Any CPU.Build.0 = Release|Any CPU
	EndGlobalSection
	GlobalSection(SolutionProperties) = preSolution
		HideSolutionNode = FALSE
	EndGlobalSection
	GlobalSection(ExtensibilityGlobals) = postSolution
		SolutionGuid = {1EB77A75-9786-4045-9A80-C15BB92A19BA}
	EndGlobalSection
EndGlobal
